
Microsoft Visual Studio Solution File, Format Version 12.00
# Visual Studio Version 17
VisualStudioVersion = 17.0.31903.59
MinimumVisualStudioVersion = 10.0.40219.1
Project("{2150E333-8FDC-42A3-9474-1A3956D46DE8}") = "src", "src", "{54CB69EA-B995-4A41-BD4F-74DA6063F192}"
	ProjectSection(SolutionItems) = preProject
		docker-compose.yml = docker-compose.yml
	EndProjectSection
EndProject
Project("{9A19103F-16F7-4668-BE54-9A1E7A4F7556}") = "EventService", "src\EventService\EventService.csproj", "{29D870B6-D221-4D4E-A694-C4BB90033E47}"
EndProject
Project("{9A19103F-16F7-4668-BE54-9A1E7A4F7556}") = "SearchService", "src\SearchService\SearchService.csproj", "{4E2255A8-EA12-4049-8955-72D0FC3E0A7D}"
EndProject
Project("{9A19103F-16F7-4668-BE54-9A1E7A4F7556}") = "Contracts", "src\Contracts\Contracts.csproj", "{623B6B4A-459B-45F6-B73F-8B43414D1C2F}"
EndProject
Project("{9A19103F-16F7-4668-BE54-9A1E7A4F7556}") = "IdentityService", "src\IdentityService\IdentityService.csproj", "{CEE2DCBC-EA6B-44D7-A357-02A1A4DDEA70}"
EndProject
Project("{9A19103F-16F7-4668-BE54-9A1E7A4F7556}") = "GatewayService", "src\GatewayService\GatewayService.csproj", "{96F2CC9B-B68D-4942-847E-955A81C1B280}"
EndProject
Project("{9A19103F-16F7-4668-BE54-9A1E7A4F7556}") = "Client.Maui", "Client.Maui\Client.Maui.csproj", "{FEEEF441-BDD3-4E29-AC30-5A18E4F87196}"
EndProject
Project("{9A19103F-16F7-4668-BE54-9A1E7A4F7556}") = "UserService", "src\UserService\UserService.csproj", "{68881CE6-EEA1-49B0-B47E-CB80F93D02BD}"
EndProject
Project("{9A19103F-16F7-4668-BE54-9A1E7A4F7556}") = "ConversationService", "src\ConversationService\ConversationService.csproj", "{7F7B249C-42B0-40BA-A868-E1784F1EB0B0}"
EndProject
Project("{2150E333-8FDC-42A3-9474-1A3956D46DE8}") = "tests", "tests", "{1CA7DECB-D972-4959-B154-7309F78D759E}"
EndProject
Project("{FAE04EC0-301F-11D3-BF4B-00C04F79EFBC}") = "EventService.Tests", "tests\EventService.Tests\EventService.Tests.csproj", "{FA25F316-45CD-401A-B0A8-3B1947FF67BD}"
EndProject
Project("{FAE04EC0-301F-11D3-BF4B-00C04F79EFBC}") = "SearchService.Tests", "tests\SearchService.Tests\SearchService.Tests.csproj", "{A32A2E06-ABDC-4915-91E6-42D1AD99CEEE}"
EndProject
Global
	GlobalSection(SolutionConfigurationPlatforms) = preSolution
		Debug|Any CPU = Debug|Any CPU
		Release|Any CPU = Release|Any CPU
	EndGlobalSection
	GlobalSection(ProjectConfigurationPlatforms) = postSolution
		{29D870B6-D221-4D4E-A694-C4BB90033E47}.Debug|Any CPU.ActiveCfg = Debug|Any CPU
		{29D870B6-D221-4D4E-A694-C4BB90033E47}.Debug|Any CPU.Build.0 = Debug|Any CPU
		{29D870B6-D221-4D4E-A694-C4BB90033E47}.Release|Any CPU.ActiveCfg = Release|Any CPU
		{29D870B6-D221-4D4E-A694-C4BB90033E47}.Release|Any CPU.Build.0 = Release|Any CPU
		{4E2255A8-EA12-4049-8955-72D0FC3E0A7D}.Debug|Any CPU.ActiveCfg = Debug|Any CPU
		{4E2255A8-EA12-4049-8955-72D0FC3E0A7D}.Debug|Any CPU.Build.0 = Debug|Any CPU
		{4E2255A8-EA12-4049-8955-72D0FC3E0A7D}.Release|Any CPU.ActiveCfg = Release|Any CPU
		{4E2255A8-EA12-4049-8955-72D0FC3E0A7D}.Release|Any CPU.Build.0 = Release|Any CPU
		{623B6B4A-459B-45F6-B73F-8B43414D1C2F}.Debug|Any CPU.ActiveCfg = Debug|Any CPU
		{623B6B4A-459B-45F6-B73F-8B43414D1C2F}.Debug|Any CPU.Build.0 = Debug|Any CPU
		{623B6B4A-459B-45F6-B73F-8B43414D1C2F}.Release|Any CPU.ActiveCfg = Release|Any CPU
		{623B6B4A-459B-45F6-B73F-8B43414D1C2F}.Release|Any CPU.Build.0 = Release|Any CPU
		{CEE2DCBC-EA6B-44D7-A357-02A1A4DDEA70}.Debug|Any CPU.ActiveCfg = Debug|Any CPU
		{CEE2DCBC-EA6B-44D7-A357-02A1A4DDEA70}.Debug|Any CPU.Build.0 = Debug|Any CPU
		{CEE2DCBC-EA6B-44D7-A357-02A1A4DDEA70}.Release|Any CPU.ActiveCfg = Release|Any CPU
		{CEE2DCBC-EA6B-44D7-A357-02A1A4DDEA70}.Release|Any CPU.Build.0 = Release|Any CPU
		{96F2CC9B-B68D-4942-847E-955A81C1B280}.Debug|Any CPU.ActiveCfg = Debug|Any CPU
		{96F2CC9B-B68D-4942-847E-955A81C1B280}.Debug|Any CPU.Build.0 = Debug|Any CPU
		{96F2CC9B-B68D-4942-847E-955A81C1B280}.Release|Any CPU.ActiveCfg = Release|Any CPU
		{96F2CC9B-B68D-4942-847E-955A81C1B280}.Release|Any CPU.Build.0 = Release|Any CPU
		{FEEEF441-BDD3-4E29-AC30-5A18E4F87196}.Debug|Any CPU.ActiveCfg = Debug|Any CPU
		{FEEEF441-BDD3-4E29-AC30-5A18E4F87196}.Debug|Any CPU.Build.0 = Debug|Any CPU
		{FEEEF441-BDD3-4E29-AC30-5A18E4F87196}.Debug|Any CPU.Deploy.0 = Debug|Any CPU
		{FEEEF441-BDD3-4E29-AC30-5A18E4F87196}.Release|Any CPU.ActiveCfg = Release|Any CPU
		{FEEEF441-BDD3-4E29-AC30-5A18E4F87196}.Release|Any CPU.Build.0 = Release|Any CPU
		{FEEEF441-BDD3-4E29-AC30-5A18E4F87196}.Release|Any CPU.Deploy.0 = Release|Any CPU
		{68881CE6-EEA1-49B0-B47E-CB80F93D02BD}.Debug|Any CPU.ActiveCfg = Debug|Any CPU
		{68881CE6-EEA1-49B0-B47E-CB80F93D02BD}.Debug|Any CPU.Build.0 = Debug|Any CPU
		{68881CE6-EEA1-49B0-B47E-CB80F93D02BD}.Release|Any CPU.ActiveCfg = Release|Any CPU
		{68881CE6-EEA1-49B0-B47E-CB80F93D02BD}.Release|Any CPU.Build.0 = Release|Any CPU
		{7F7B249C-42B0-40BA-A868-E1784F1EB0B0}.Debug|Any CPU.ActiveCfg = Debug|Any CPU
		{7F7B249C-42B0-40BA-A868-E1784F1EB0B0}.Debug|Any CPU.Build.0 = Debug|Any CPU
		{7F7B249C-42B0-40BA-A868-E1784F1EB0B0}.Release|Any CPU.ActiveCfg = Release|Any CPU
		{7F7B249C-42B0-40BA-A868-E1784F1EB0B0}.Release|Any CPU.Build.0 = Release|Any CPU
		{FA25F316-45CD-401A-B0A8-3B1947FF67BD}.Debug|Any CPU.ActiveCfg = Debug|Any CPU
		{FA25F316-45CD-401A-B0A8-3B1947FF67BD}.Debug|Any CPU.Build.0 = Debug|Any CPU
		{FA25F316-45CD-401A-B0A8-3B1947FF67BD}.Release|Any CPU.ActiveCfg = Release|Any CPU
		{FA25F316-45CD-401A-B0A8-3B1947FF67BD}.Release|Any CPU.Build.0 = Release|Any CPU
		{A32A2E06-ABDC-4915-91E6-42D1AD99CEEE}.Debug|Any CPU.ActiveCfg = Debug|Any CPU
		{A32A2E06-ABDC-4915-91E6-42D1AD99CEEE}.Debug|Any CPU.Build.0 = Debug|Any CPU
		{A32A2E06-ABDC-4915-91E6-42D1AD99CEEE}.Release|Any CPU.ActiveCfg = Release|Any CPU
		{A32A2E06-ABDC-4915-91E6-42D1AD99CEEE}.Release|Any CPU.Build.0 = Release|Any CPU
	EndGlobalSection
	GlobalSection(SolutionProperties) = preSolution
		HideSolutionNode = FALSE
	EndGlobalSection
	GlobalSection(NestedProjects) = preSolution
		{29D870B6-D221-4D4E-A694-C4BB90033E47} = {54CB69EA-B995-4A41-BD4F-74DA6063F192}
		{4E2255A8-EA12-4049-8955-72D0FC3E0A7D} = {54CB69EA-B995-4A41-BD4F-74DA6063F192}
		{623B6B4A-459B-45F6-B73F-8B43414D1C2F} = {54CB69EA-B995-4A41-BD4F-74DA6063F192}
		{CEE2DCBC-EA6B-44D7-A357-02A1A4DDEA70} = {54CB69EA-B995-4A41-BD4F-74DA6063F192}
		{96F2CC9B-B68D-4942-847E-955A81C1B280} = {54CB69EA-B995-4A41-BD4F-74DA6063F192}
		{FEEEF441-BDD3-4E29-AC30-5A18E4F87196} = {54CB69EA-B995-4A41-BD4F-74DA6063F192}
		{68881CE6-EEA1-49B0-B47E-CB80F93D02BD} = {54CB69EA-B995-4A41-BD4F-74DA6063F192}
		{7F7B249C-42B0-40BA-A868-E1784F1EB0B0} = {54CB69EA-B995-4A41-BD4F-74DA6063F192}
		{FA25F316-45CD-401A-B0A8-3B1947FF67BD} = {1CA7DECB-D972-4959-B154-7309F78D759E}
		{A32A2E06-ABDC-4915-91E6-42D1AD99CEEE} = {1CA7DECB-D972-4959-B154-7309F78D759E}
	EndGlobalSection
	GlobalSection(ExtensibilityGlobals) = postSolution
		SolutionGuid = {46E15C0A-B57C-434E-AAC9-9C106F5D3831}
	EndGlobalSection
EndGlobal
